
Microsoft Visual Studio Solution File, Format Version 12.00
# Visual Studio Version 17
VisualStudioVersion = 17.1.32328.378
MinimumVisualStudioVersion = 10.0.40219.1
Project("{FAE04EC0-301F-11D3-BF4B-00C04F79EFBC}") = "Zadanie1", "Zadanie1\Zadanie1.csproj", "{70ABFB71-C302-4348-BE03-9D7031DE2ECE}"
EndProject
Global
	GlobalSection(SolutionConfigurationPlatforms) = preSolution
		Debug|Any CPU = Debug|Any CPU
		Release|Any CPU = Release|Any CPU
	EndGlobalSection
	GlobalSection(ProjectConfigurationPlatforms) = postSolution
		{70ABFB71-C302-4348-BE03-9D7031DE2ECE}.Debug|Any CPU.ActiveCfg = Debug|Any CPU
		{70ABFB71-C302-4348-BE03-9D7031DE2ECE}.Debug|Any CPU.Build.0 = Debug|Any CPU
		{70ABFB71-C302-4348-BE03-9D7031DE2ECE}.Release|Any CPU.ActiveCfg = Release|Any CPU
		{70ABFB71-C302-4348-BE03-9D7031DE2ECE}.Release|Any CPU.Build.0 = Release|Any CPU
	EndGlobalSection
	GlobalSection(SolutionProperties) = preSolution
		HideSolutionNode = FALSE
	EndGlobalSection
	GlobalSection(ExtensibilityGlobals) = postSolution
		SolutionGuid = {91667C48-5437-4122-8AA9-2A658DF6FF42}
	EndGlobalSection
EndGlobal
