
Microsoft Visual Studio Solution File, Format Version 12.00
# Visual Studio Version 17
VisualStudioVersion = 17.1.32328.378
MinimumVisualStudioVersion = 10.0.40219.1
Project("{FAE04EC0-301F-11D3-BF4B-00C04F79EFBC}") = "Kalkulator", "Kalkulator\Kalkulator.csproj", "{7063EB9D-FDE4-4DD8-B607-55F19D120235}"
EndProject
Global
	GlobalSection(SolutionConfigurationPlatforms) = preSolution
		Debug|Any CPU = Debug|Any CPU
		Release|Any CPU = Release|Any CPU
	EndGlobalSection
	GlobalSection(ProjectConfigurationPlatforms) = postSolution
		{7063EB9D-FDE4-4DD8-B607-55F19D120235}.Debug|Any CPU.ActiveCfg = Debug|Any CPU
		{7063EB9D-FDE4-4DD8-B607-55F19D120235}.Debug|Any CPU.Build.0 = Debug|Any CPU
		{7063EB9D-FDE4-4DD8-B607-55F19D120235}.Release|Any CPU.ActiveCfg = Release|Any CPU
		{7063EB9D-FDE4-4DD8-B607-55F19D120235}.Release|Any CPU.Build.0 = Release|Any CPU
	EndGlobalSection
	GlobalSection(SolutionProperties) = preSolution
		HideSolutionNode = FALSE
	EndGlobalSection
	GlobalSection(ExtensibilityGlobals) = postSolution
		SolutionGuid = {9C93D30D-48A0-42F6-A291-16ECC2B36199}
	EndGlobalSection
EndGlobal
